
Microsoft Visual Studio Solution File, Format Version 12.00
# Visual Studio 15
VisualStudioVersion = 15.0.28307.902
MinimumVisualStudioVersion = 10.0.40219.1
Project("{FAE04EC0-301F-11D3-BF4B-00C04F79EFBC}") = "TimeShiftApp", "TimeShiftApp\TimeShiftApp.csproj", "{A0E1D998-59A6-4BD4-BF15-7DA8C32D83CB}"
EndProject
Global
	GlobalSection(SolutionConfigurationPlatforms) = preSolution
		Debug|Any CPU = Debug|Any CPU
		Release|Any CPU = Release|Any CPU
	EndGlobalSection
	GlobalSection(ProjectConfigurationPlatforms) = postSolution
		{A0E1D998-59A6-4BD4-BF15-7DA8C32D83CB}.Debug|Any CPU.ActiveCfg = Debug|Any CPU
		{A0E1D998-59A6-4BD4-BF15-7DA8C32D83CB}.Debug|Any CPU.Build.0 = Debug|Any CPU
		{A0E1D998-59A6-4BD4-BF15-7DA8C32D83CB}.Release|Any CPU.ActiveCfg = Release|Any CPU
		{A0E1D998-59A6-4BD4-BF15-7DA8C32D83CB}.Release|Any CPU.Build.0 = Release|Any CPU
	EndGlobalSection
	GlobalSection(SolutionProperties) = preSolution
		HideSolutionNode = FALSE
	EndGlobalSection
	GlobalSection(ExtensibilityGlobals) = postSolution
		SolutionGuid = {1BA38C05-B9CE-4B04-8013-021A941828C3}
	EndGlobalSection
EndGlobal
